// !$*UTF8*$!
{
	archiveVersion = 1;
	classes = {
	};
	objectVersion = 50;
	objects = {

/* Begin PBXBuildFile section */
		AA187C212094895600D29D5E /* APIService.swift in Sources */ = {isa = PBXBuildFile; fileRef = AA187C202094895600D29D5E /* APIService.swift */; };
		AA47E79620AC41DA00F4F1DF /* Extensions.swift in Sources */ = {isa = PBXBuildFile; fileRef = AA47E79520AC41DA00F4F1DF /* Extensions.swift */; };
		AA88F1D3209538B200B34365 /* EventsViewController.swift in Sources */ = {isa = PBXBuildFile; fileRef = AA88F1D2209538B200B34365 /* EventsViewController.swift */; };
		AA88F1D5209BC71100B34365 /* EventTableViewCell.swift in Sources */ = {isa = PBXBuildFile; fileRef = AA88F1D4209BC71100B34365 /* EventTableViewCell.swift */; };
		AA88F1D7209C4E7E00B34365 /* EventViewController.swift in Sources */ = {isa = PBXBuildFile; fileRef = AA88F1D6209C4E7E00B34365 /* EventViewController.swift */; };
		AA88F1D9209C4EC300B34365 /* Event.swift in Sources */ = {isa = PBXBuildFile; fileRef = AA88F1D8209C4EC300B34365 /* Event.swift */; };
		AA90E104208F732800639262 /* AppDelegate.swift in Sources */ = {isa = PBXBuildFile; fileRef = AA90E103208F732800639262 /* AppDelegate.swift */; };
		AA90E109208F732800639262 /* Main.storyboard in Resources */ = {isa = PBXBuildFile; fileRef = AA90E107208F732800639262 /* Main.storyboard */; };
		AA90E10B208F732900639262 /* Assets.xcassets in Resources */ = {isa = PBXBuildFile; fileRef = AA90E10A208F732900639262 /* Assets.xcassets */; };
		AA90E10E208F732900639262 /* LaunchScreen.storyboard in Resources */ = {isa = PBXBuildFile; fileRef = AA90E10C208F732900639262 /* LaunchScreen.storyboard */; };
		AA90E119208F76B900639262 /* LoginViewController.swift in Sources */ = {isa = PBXBuildFile; fileRef = AA90E118208F76B900639262 /* LoginViewController.swift */; };
		AA90E11B208F7F2F00639262 /* RegisterViewController.swift in Sources */ = {isa = PBXBuildFile; fileRef = AA90E11A208F7F2F00639262 /* RegisterViewController.swift */; };
		AA9E07D1209C7EDC00681BCA /* MenuCollectionViewCell.swift in Sources */ = {isa = PBXBuildFile; fileRef = AA9E07D0209C7EDC00681BCA /* MenuCollectionViewCell.swift */; };
		AAB6B4232094B862008C4CB2 /* Token.swift in Sources */ = {isa = PBXBuildFile; fileRef = AAB6B4222094B862008C4CB2 /* Token.swift */; };
		E6003933AACC2E746061BEFE /* Pods_ConPro.framework in Frameworks */ = {isa = PBXBuildFile; fileRef = 7CA5C7B39B96C88B4CF553D9 /* Pods_ConPro.framework */; };
/* End PBXBuildFile section */

/* Begin PBXFileReference section */
		1CCC46CCE5649E3D4112AC0B /* Pods-ConPro.release.xcconfig */ = {isa = PBXFileReference; includeInIndex = 1; lastKnownFileType = text.xcconfig; name = "Pods-ConPro.release.xcconfig"; path = "Pods/Target Support Files/Pods-ConPro/Pods-ConPro.release.xcconfig"; sourceTree = "<group>"; };
		7CA5C7B39B96C88B4CF553D9 /* Pods_ConPro.framework */ = {isa = PBXFileReference; explicitFileType = wrapper.framework; includeInIndex = 0; path = Pods_ConPro.framework; sourceTree = BUILT_PRODUCTS_DIR; };
		82A9520EBFEEE098670794BF /* Pods-ConPro.debug.xcconfig */ = {isa = PBXFileReference; includeInIndex = 1; lastKnownFileType = text.xcconfig; name = "Pods-ConPro.debug.xcconfig"; path = "Pods/Target Support Files/Pods-ConPro/Pods-ConPro.debug.xcconfig"; sourceTree = "<group>"; };
		AA187C202094895600D29D5E /* APIService.swift */ = {isa = PBXFileReference; lastKnownFileType = sourcecode.swift; path = APIService.swift; sourceTree = "<group>"; };
		AA47E79520AC41DA00F4F1DF /* Extensions.swift */ = {isa = PBXFileReference; lastKnownFileType = sourcecode.swift; path = Extensions.swift; sourceTree = "<group>"; };
		AA88F1D2209538B200B34365 /* EventsViewController.swift */ = {isa = PBXFileReference; lastKnownFileType = sourcecode.swift; path = EventsViewController.swift; sourceTree = "<group>"; };
		AA88F1D4209BC71100B34365 /* EventTableViewCell.swift */ = {isa = PBXFileReference; lastKnownFileType = sourcecode.swift; path = EventTableViewCell.swift; sourceTree = "<group>"; };
		AA88F1D6209C4E7E00B34365 /* EventViewController.swift */ = {isa = PBXFileReference; lastKnownFileType = sourcecode.swift; path = EventViewController.swift; sourceTree = "<group>"; };
		AA88F1D8209C4EC300B34365 /* Event.swift */ = {isa = PBXFileReference; lastKnownFileType = sourcecode.swift; path = Event.swift; sourceTree = "<group>"; };
		AA90E100208F732800639262 /* ConPro.app */ = {isa = PBXFileReference; explicitFileType = wrapper.application; includeInIndex = 0; path = ConPro.app; sourceTree = BUILT_PRODUCTS_DIR; };
		AA90E103208F732800639262 /* AppDelegate.swift */ = {isa = PBXFileReference; lastKnownFileType = sourcecode.swift; path = AppDelegate.swift; sourceTree = "<group>"; };
		AA90E108208F732800639262 /* Base */ = {isa = PBXFileReference; lastKnownFileType = file.storyboard; name = Base; path = Base.lproj/Main.storyboard; sourceTree = "<group>"; };
		AA90E10A208F732900639262 /* Assets.xcassets */ = {isa = PBXFileReference; lastKnownFileType = folder.assetcatalog; path = Assets.xcassets; sourceTree = "<group>"; };
		AA90E10D208F732900639262 /* Base */ = {isa = PBXFileReference; lastKnownFileType = file.storyboard; name = Base; path = Base.lproj/LaunchScreen.storyboard; sourceTree = "<group>"; };
		AA90E10F208F732900639262 /* Info.plist */ = {isa = PBXFileReference; lastKnownFileType = text.plist.xml; path = Info.plist; sourceTree = "<group>"; };
		AA90E118208F76B900639262 /* LoginViewController.swift */ = {isa = PBXFileReference; lastKnownFileType = sourcecode.swift; path = LoginViewController.swift; sourceTree = "<group>"; };
		AA90E11A208F7F2F00639262 /* RegisterViewController.swift */ = {isa = PBXFileReference; lastKnownFileType = sourcecode.swift; path = RegisterViewController.swift; sourceTree = "<group>"; };
		AA9E07D0209C7EDC00681BCA /* MenuCollectionViewCell.swift */ = {isa = PBXFileReference; lastKnownFileType = sourcecode.swift; path = MenuCollectionViewCell.swift; sourceTree = "<group>"; };
		AAB6B4222094B862008C4CB2 /* Token.swift */ = {isa = PBXFileReference; lastKnownFileType = sourcecode.swift; path = Token.swift; sourceTree = "<group>"; };
/* End PBXFileReference section */

/* Begin PBXFrameworksBuildPhase section */
		AA90E0FD208F732800639262 /* Frameworks */ = {
			isa = PBXFrameworksBuildPhase;
			buildActionMask = 2147483647;
			files = (
				E6003933AACC2E746061BEFE /* Pods_ConPro.framework in Frameworks */,
			);
			runOnlyForDeploymentPostprocessing = 0;
		};
/* End PBXFrameworksBuildPhase section */

/* Begin PBXGroup section */
		794185911BE343A21E172BE2 /* Pods */ = {
			isa = PBXGroup;
			children = (
				82A9520EBFEEE098670794BF /* Pods-ConPro.debug.xcconfig */,
				1CCC46CCE5649E3D4112AC0B /* Pods-ConPro.release.xcconfig */,
			);
			name = Pods;
			sourceTree = "<group>";
		};
		AA187C1F2094893C00D29D5E /* Helpers */ = {
			isa = PBXGroup;
			children = (
				AA187C202094895600D29D5E /* APIService.swift */,
				AA47E79520AC41DA00F4F1DF /* Extensions.swift */,
			);
			path = Helpers;
			sourceTree = "<group>";
		};
		AA90E0F7208F732800639262 = {
			isa = PBXGroup;
			children = (
				AA90E102208F732800639262 /* ConPro */,
				AA90E101208F732800639262 /* Products */,
				794185911BE343A21E172BE2 /* Pods */,
				FC88E8854BD174F8F5904361 /* Frameworks */,
			);
			sourceTree = "<group>";
		};
		AA90E101208F732800639262 /* Products */ = {
			isa = PBXGroup;
			children = (
				AA90E100208F732800639262 /* ConPro.app */,
			);
			name = Products;
			sourceTree = "<group>";
		};
		AA90E102208F732800639262 /* ConPro */ = {
			isa = PBXGroup;
			children = (
				AA187C1F2094893C00D29D5E /* Helpers */,
				AA90E117208F73C700639262 /* Controllers */,
				AA90E116208F73C200639262 /* Views */,
				AA90E115208F73BA00639262 /* Models */,
				AA90E103208F732800639262 /* AppDelegate.swift */,
				AA90E107208F732800639262 /* Main.storyboard */,
				AA90E10A208F732900639262 /* Assets.xcassets */,
				AA90E10C208F732900639262 /* LaunchScreen.storyboard */,
				AA90E10F208F732900639262 /* Info.plist */,
			);
			path = ConPro;
			sourceTree = "<group>";
		};
		AA90E115208F73BA00639262 /* Models */ = {
			isa = PBXGroup;
			children = (
				AAB6B4222094B862008C4CB2 /* Token.swift */,
				AA88F1D8209C4EC300B34365 /* Event.swift */,
			);
			path = Models;
			sourceTree = "<group>";
		};
		AA90E116208F73C200639262 /* Views */ = {
			isa = PBXGroup;
			children = (
				AA88F1D4209BC71100B34365 /* EventTableViewCell.swift */,
				AA9E07D0209C7EDC00681BCA /* MenuCollectionViewCell.swift */,
			);
			path = Views;
			sourceTree = "<group>";
		};
		AA90E117208F73C700639262 /* Controllers */ = {
			isa = PBXGroup;
			children = (
				AA90E118208F76B900639262 /* LoginViewController.swift */,
				AA90E11A208F7F2F00639262 /* RegisterViewController.swift */,
				AA88F1D2209538B200B34365 /* EventsViewController.swift */,
				AA88F1D6209C4E7E00B34365 /* EventViewController.swift */,
			);
			path = Controllers;
			sourceTree = "<group>";
		};
		FC88E8854BD174F8F5904361 /* Frameworks */ = {
			isa = PBXGroup;
			children = (
				7CA5C7B39B96C88B4CF553D9 /* Pods_ConPro.framework */,
			);
			name = Frameworks;
			sourceTree = "<group>";
		};
/* End PBXGroup section */

/* Begin PBXNativeTarget section */
		AA90E0FF208F732800639262 /* ConPro */ = {
			isa = PBXNativeTarget;
			buildConfigurationList = AA90E112208F732900639262 /* Build configuration list for PBXNativeTarget "ConPro" */;
			buildPhases = (
				F06163970E24F6D92230D3DE /* [CP] Check Pods Manifest.lock */,
				AA90E0FC208F732800639262 /* Sources */,
				AA90E0FD208F732800639262 /* Frameworks */,
				AA90E0FE208F732800639262 /* Resources */,
				71FCE9BBBE4E192F9D81CD86 /* [CP] Embed Pods Frameworks */,
			);
			buildRules = (
			);
			dependencies = (
			);
			name = ConPro;
			productName = ConPro;
			productReference = AA90E100208F732800639262 /* ConPro.app */;
			productType = "com.apple.product-type.application";
		};
/* End PBXNativeTarget section */

/* Begin PBXProject section */
		AA90E0F8208F732800639262 /* Project object */ = {
			isa = PBXProject;
			attributes = {
				LastSwiftUpdateCheck = 0930;
				LastUpgradeCheck = 0930;
				ORGANIZATIONNAME = ConPro;
				TargetAttributes = {
					AA90E0FF208F732800639262 = {
						CreatedOnToolsVersion = 9.3;
					};
				};
			};
			buildConfigurationList = AA90E0FB208F732800639262 /* Build configuration list for PBXProject "ConPro" */;
			compatibilityVersion = "Xcode 9.3";
			developmentRegion = en;
			hasScannedForEncodings = 0;
			knownRegions = (
				en,
				Base,
			);
			mainGroup = AA90E0F7208F732800639262;
			productRefGroup = AA90E101208F732800639262 /* Products */;
			projectDirPath = "";
			projectRoot = "";
			targets = (
				AA90E0FF208F732800639262 /* ConPro */,
			);
		};
/* End PBXProject section */

/* Begin PBXResourcesBuildPhase section */
		AA90E0FE208F732800639262 /* Resources */ = {
			isa = PBXResourcesBuildPhase;
			buildActionMask = 2147483647;
			files = (
				AA90E10E208F732900639262 /* LaunchScreen.storyboard in Resources */,
				AA90E10B208F732900639262 /* Assets.xcassets in Resources */,
				AA90E109208F732800639262 /* Main.storyboard in Resources */,
			);
			runOnlyForDeploymentPostprocessing = 0;
		};
/* End PBXResourcesBuildPhase section */

/* Begin PBXShellScriptBuildPhase section */
		71FCE9BBBE4E192F9D81CD86 /* [CP] Embed Pods Frameworks */ = {
			isa = PBXShellScriptBuildPhase;
			buildActionMask = 2147483647;
			files = (
			);
			inputPaths = (
				"${SRCROOT}/Pods/Target Support Files/Pods-ConPro/Pods-ConPro-frameworks.sh",
				"${BUILT_PRODUCTS_DIR}/Alamofire/Alamofire.framework",
				"${BUILT_PRODUCTS_DIR}/Moya/Moya.framework",
				"${BUILT_PRODUCTS_DIR}/Result/Result.framework",
			);
			name = "[CP] Embed Pods Frameworks";
			outputPaths = (
				"${TARGET_BUILD_DIR}/${FRAMEWORKS_FOLDER_PATH}/Alamofire.framework",
				"${TARGET_BUILD_DIR}/${FRAMEWORKS_FOLDER_PATH}/Moya.framework",
				"${TARGET_BUILD_DIR}/${FRAMEWORKS_FOLDER_PATH}/Result.framework",
			);
			runOnlyForDeploymentPostprocessing = 0;
			shellPath = /bin/sh;
			shellScript = "\"${SRCROOT}/Pods/Target Support Files/Pods-ConPro/Pods-ConPro-frameworks.sh\"\n";
			showEnvVarsInLog = 0;
		};
		F06163970E24F6D92230D3DE /* [CP] Check Pods Manifest.lock */ = {
			isa = PBXShellScriptBuildPhase;
			buildActionMask = 2147483647;
			files = (
			);
			inputPaths = (
				"${PODS_PODFILE_DIR_PATH}/Podfile.lock",
				"${PODS_ROOT}/Manifest.lock",
			);
			name = "[CP] Check Pods Manifest.lock";
			outputPaths = (
				"$(DERIVED_FILE_DIR)/Pods-ConPro-checkManifestLockResult.txt",
			);
			runOnlyForDeploymentPostprocessing = 0;
			shellPath = /bin/sh;
			shellScript = "diff \"${PODS_PODFILE_DIR_PATH}/Podfile.lock\" \"${PODS_ROOT}/Manifest.lock\" > /dev/null\nif [ $? != 0 ] ; then\n    # print error to STDERR\n    echo \"error: The sandbox is not in sync with the Podfile.lock. Run 'pod install' or update your CocoaPods installation.\" >&2\n    exit 1\nfi\n# This output is used by Xcode 'outputs' to avoid re-running this script phase.\necho \"SUCCESS\" > \"${SCRIPT_OUTPUT_FILE_0}\"\n";
			showEnvVarsInLog = 0;
		};
/* End PBXShellScriptBuildPhase section */

/* Begin PBXSourcesBuildPhase section */
		AA90E0FC208F732800639262 /* Sources */ = {
			isa = PBXSourcesBuildPhase;
			buildActionMask = 2147483647;
			files = (
				AA90E11B208F7F2F00639262 /* RegisterViewController.swift in Sources */,
				AA88F1D9209C4EC300B34365 /* Event.swift in Sources */,
				AAB6B4232094B862008C4CB2 /* Token.swift in Sources */,
				AA90E119208F76B900639262 /* LoginViewController.swift in Sources */,
				AA187C212094895600D29D5E /* APIService.swift in Sources */,
				AA88F1D5209BC71100B34365 /* EventTableViewCell.swift in Sources */,
				AA88F1D7209C4E7E00B34365 /* EventViewController.swift in Sources */,
				AA90E104208F732800639262 /* AppDelegate.swift in Sources */,
				AA88F1D3209538B200B34365 /* EventsViewController.swift in Sources */,
				AA47E79620AC41DA00F4F1DF /* Extensions.swift in Sources */,
				AA9E07D1209C7EDC00681BCA /* MenuCollectionViewCell.swift in Sources */,
			);
			runOnlyForDeploymentPostprocessing = 0;
		};
/* End PBXSourcesBuildPhase section */

/* Begin PBXVariantGroup section */
		AA90E107208F732800639262 /* Main.storyboard */ = {
			isa = PBXVariantGroup;
			children = (
				AA90E108208F732800639262 /* Base */,
			);
			name = Main.storyboard;
			sourceTree = "<group>";
		};
		AA90E10C208F732900639262 /* LaunchScreen.storyboard */ = {
			isa = PBXVariantGroup;
			children = (
				AA90E10D208F732900639262 /* Base */,
			);
			name = LaunchScreen.storyboard;
			sourceTree = "<group>";
		};
/* End PBXVariantGroup section */

/* Begin XCBuildConfiguration section */
		AA90E110208F732900639262 /* Debug */ = {
			isa = XCBuildConfiguration;
			buildSettings = {
				ALWAYS_SEARCH_USER_PATHS = NO;
				CLANG_ANALYZER_NONNULL = YES;
				CLANG_ANALYZER_NUMBER_OBJECT_CONVERSION = YES_AGGRESSIVE;
				CLANG_CXX_LANGUAGE_STANDARD = "gnu++14";
				CLANG_CXX_LIBRARY = "libc++";
				CLANG_ENABLE_MODULES = YES;
				CLANG_ENABLE_OBJC_ARC = YES;
				CLANG_ENABLE_OBJC_WEAK = YES;
				CLANG_WARN_BLOCK_CAPTURE_AUTORELEASING = YES;
				CLANG_WARN_BOOL_CONVERSION = YES;
				CLANG_WARN_COMMA = YES;
				CLANG_WARN_CONSTANT_CONVERSION = YES;
				CLANG_WARN_DEPRECATED_OBJC_IMPLEMENTATIONS = YES;
				CLANG_WARN_DIRECT_OBJC_ISA_USAGE = YES_ERROR;
				CLANG_WARN_DOCUMENTATION_COMMENTS = YES;
				CLANG_WARN_EMPTY_BODY = YES;
				CLANG_WARN_ENUM_CONVERSION = YES;
				CLANG_WARN_INFINITE_RECURSION = YES;
				CLANG_WARN_INT_CONVERSION = YES;
				CLANG_WARN_NON_LITERAL_NULL_CONVERSION = YES;
				CLANG_WARN_OBJC_IMPLICIT_RETAIN_SELF = YES;
				CLANG_WARN_OBJC_LITERAL_CONVERSION = YES;
				CLANG_WARN_OBJC_ROOT_CLASS = YES_ERROR;
				CLANG_WARN_RANGE_LOOP_ANALYSIS = YES;
				CLANG_WARN_STRICT_PROTOTYPES = YES;
				CLANG_WARN_SUSPICIOUS_MOVE = YES;
				CLANG_WARN_UNGUARDED_AVAILABILITY = YES_AGGRESSIVE;
				CLANG_WARN_UNREACHABLE_CODE = YES;
				CLANG_WARN__DUPLICATE_METHOD_MATCH = YES;
				CODE_SIGN_IDENTITY = "iPhone Developer";
				COPY_PHASE_STRIP = NO;
				DEBUG_INFORMATION_FORMAT = dwarf;
				ENABLE_STRICT_OBJC_MSGSEND = YES;
				ENABLE_TESTABILITY = YES;
				GCC_C_LANGUAGE_STANDARD = gnu11;
				GCC_DYNAMIC_NO_PIC = NO;
				GCC_NO_COMMON_BLOCKS = YES;
				GCC_OPTIMIZATION_LEVEL = 0;
				GCC_PREPROCESSOR_DEFINITIONS = (
					"DEBUG=1",
					"$(inherited)",
				);
				GCC_WARN_64_TO_32_BIT_CONVERSION = YES;
				GCC_WARN_ABOUT_RETURN_TYPE = YES_ERROR;
				GCC_WARN_UNDECLARED_SELECTOR = YES;
				GCC_WARN_UNINITIALIZED_AUTOS = YES_AGGRESSIVE;
				GCC_WARN_UNUSED_FUNCTION = YES;
				GCC_WARN_UNUSED_VARIABLE = YES;
				IPHONEOS_DEPLOYMENT_TARGET = 11.3;
				MTL_ENABLE_DEBUG_INFO = YES;
				ONLY_ACTIVE_ARCH = YES;
				SDKROOT = iphoneos;
				SWIFT_ACTIVE_COMPILATION_CONDITIONS = DEBUG;
				SWIFT_OPTIMIZATION_LEVEL = "-Onone";
			};
			name = Debug;
		};
		AA90E111208F732900639262 /* Release */ = {
			isa = XCBuildConfiguration;
			buildSettings = {
				ALWAYS_SEARCH_USER_PATHS = NO;
				CLANG_ANALYZER_NONNULL = YES;
				CLANG_ANALYZER_NUMBER_OBJECT_CONVERSION = YES_AGGRESSIVE;
				CLANG_CXX_LANGUAGE_STANDARD = "gnu++14";
				CLANG_CXX_LIBRARY = "libc++";
				CLANG_ENABLE_MODULES = YES;
				CLANG_ENABLE_OBJC_ARC = YES;
				CLANG_ENABLE_OBJC_WEAK = YES;
				CLANG_WARN_BLOCK_CAPTURE_AUTORELEASING = YES;
				CLANG_WARN_BOOL_CONVERSION = YES;
				CLANG_WARN_COMMA = YES;
				CLANG_WARN_CONSTANT_CONVERSION = YES;
				CLANG_WARN_DEPRECATED_OBJC_IMPLEMENTATIONS = YES;
				CLANG_WARN_DIRECT_OBJC_ISA_USAGE = YES_ERROR;
				CLANG_WARN_DOCUMENTATION_COMMENTS = YES;
				CLANG_WARN_EMPTY_BODY = YES;
				CLANG_WARN_ENUM_CONVERSION = YES;
				CLANG_WARN_INFINITE_RECURSION = YES;
				CLANG_WARN_INT_CONVERSION = YES;
				CLANG_WARN_NON_LITERAL_NULL_CONVERSION = YES;
				CLANG_WARN_OBJC_IMPLICIT_RETAIN_SELF = YES;
				CLANG_WARN_OBJC_LITERAL_CONVERSION = YES;
				CLANG_WARN_OBJC_ROOT_CLASS = YES_ERROR;
				CLANG_WARN_RANGE_LOOP_ANALYSIS = YES;
				CLANG_WARN_STRICT_PROTOTYPES = YES;
				CLANG_WARN_SUSPICIOUS_MOVE = YES;
				CLANG_WARN_UNGUARDED_AVAILABILITY = YES_AGGRESSIVE;
				CLANG_WARN_UNREACHABLE_CODE = YES;
				CLANG_WARN__DUPLICATE_METHOD_MATCH = YES;
				CODE_SIGN_IDENTITY = "iPhone Developer";
				COPY_PHASE_STRIP = NO;
				DEBUG_INFORMATION_FORMAT = "dwarf-with-dsym";
				ENABLE_NS_ASSERTIONS = NO;
				ENABLE_STRICT_OBJC_MSGSEND = YES;
				GCC_C_LANGUAGE_STANDARD = gnu11;
				GCC_NO_COMMON_BLOCKS = YES;
				GCC_WARN_64_TO_32_BIT_CONVERSION = YES;
				GCC_WARN_ABOUT_RETURN_TYPE = YES_ERROR;
				GCC_WARN_UNDECLARED_SELECTOR = YES;
				GCC_WARN_UNINITIALIZED_AUTOS = YES_AGGRESSIVE;
				GCC_WARN_UNUSED_FUNCTION = YES;
				GCC_WARN_UNUSED_VARIABLE = YES;
				IPHONEOS_DEPLOYMENT_TARGET = 11.3;
				MTL_ENABLE_DEBUG_INFO = NO;
				SDKROOT = iphoneos;
				SWIFT_COMPILATION_MODE = wholemodule;
				SWIFT_OPTIMIZATION_LEVEL = "-O";
				VALIDATE_PRODUCT = YES;
			};
			name = Release;
		};
		AA90E113208F732900639262 /* Debug */ = {
			isa = XCBuildConfiguration;
			baseConfigurationReference = 82A9520EBFEEE098670794BF /* Pods-ConPro.debug.xcconfig */;
			buildSettings = {
				ASSETCATALOG_COMPILER_APPICON_NAME = AppIcon;
				CODE_SIGN_STYLE = Automatic;
				INFOPLIST_FILE = ConPro/Info.plist;
				LD_RUNPATH_SEARCH_PATHS = (
					"$(inherited)",
					"@executable_path/Frameworks",
				);
				PRODUCT_BUNDLE_IDENTIFIER = ConPro.ConPro;
				PRODUCT_NAME = "$(TARGET_NAME)";
				SWIFT_VERSION = 4.0;
				TARGETED_DEVICE_FAMILY = "1,2";
			};
			name = Debug;
		};
		AA90E114208F732900639262 /* Release */ = {
			isa = XCBuildConfiguration;
			baseConfigurationReference = 1CCC46CCE5649E3D4112AC0B /* Pods-ConPro.release.xcconfig */;
			buildSettings = {
				ASSETCATALOG_COMPILER_APPICON_NAME = AppIcon;
				CODE_SIGN_STYLE = Automatic;
				INFOPLIST_FILE = ConPro/Info.plist;
				LD_RUNPATH_SEARCH_PATHS = (
					"$(inherited)",
					"@executable_path/Frameworks",
				);
				PRODUCT_BUNDLE_IDENTIFIER = ConPro.ConPro;
				PRODUCT_NAME = "$(TARGET_NAME)";
				SWIFT_VERSION = 4.0;
				TARGETED_DEVICE_FAMILY = "1,2";
			};
			name = Release;
		};
/* End XCBuildConfiguration section */

/* Begin XCConfigurationList section */
		AA90E0FB208F732800639262 /* Build configuration list for PBXProject "ConPro" */ = {
			isa = XCConfigurationList;
			buildConfigurations = (
				AA90E110208F732900639262 /* Debug */,
				AA90E111208F732900639262 /* Release */,
			);
			defaultConfigurationIsVisible = 0;
			defaultConfigurationName = Release;
		};
		AA90E112208F732900639262 /* Build configuration list for PBXNativeTarget "ConPro" */ = {
			isa = XCConfigurationList;
			buildConfigurations = (
				AA90E113208F732900639262 /* Debug */,
				AA90E114208F732900639262 /* Release */,
			);
			defaultConfigurationIsVisible = 0;
			defaultConfigurationName = Release;
		};
/* End XCConfigurationList section */
	};
	rootObject = AA90E0F8208F732800639262 /* Project object */;
}
